PODS:
  - AFNetworking (3.1.0):
    - AFNetworking/NSURLSession (= 3.1.0)
    - AFNetworking/Reachability (= 3.1.0)
    - AFNetworking/Security (= 3.1.0)
    - AFNetworking/Serialization (= 3.1.0)
    - AFNetworking/UIKit (= 3.1.0)
  - AFNetworking/NSURLSession (3.1.0):
    - AFNetworking/Reachability
    - AFNetworking/Security
    - AFNetworking/Serialization
  - AFNetworking/Reachability (3.1.0)
  - AFNetworking/Security (3.1.0)
  - AFNetworking/Serialization (3.1.0)
  - AFNetworking/UIKit (3.1.0):
    - AFNetworking/NSURLSession
  - CalendarView (1.1.2):
    - SwiftMoment (~> 0.1)
  - Dropbox-iOS-SDK (1.3.13)
  - GoogleAPIClient/Calendar (1.0.4):
    - GoogleAPIClient/Core
    - GTMSessionFetcher (~> 1.1)
  - GoogleAPIClient/Core (1.0.4):
    - GTMSessionFetcher (~> 1.1)
  - GTMOAuth2 (1.1.1):
    - GTMSessionFetcher (~> 1.1)
  - GTMSessionFetcher (1.1.4):
    - GTMSessionFetcher/Full (= 1.1.4)
  - GTMSessionFetcher/Core (1.1.4)
  - GTMSessionFetcher/Full (1.1.4):
    - GTMSessionFetcher/Core (= 1.1.4)
  - Hue (1.1.1)
  - JTCalendar (2.1.9)
  - SwiftMoment (0.5.1)

DEPENDENCIES:
  - AFNetworking
  - CalendarView
  - Dropbox-iOS-SDK
  - GoogleAPIClient/Calendar (~> 1.0.2)
  - GTMOAuth2 (~> 1.1.0)
  - Hue
  - JTCalendar (~> 2.0)

SPEC CHECKSUMS:
  AFNetworking: 5e0e199f73d8626b11e79750991f5d173d1f8b67
  CalendarView: 35d51b70586213604edec22a585d105273f6e191
  Dropbox-iOS-SDK: e0c9b08d1604b39cb78c1d0333251de0f6bdec60
  GoogleAPIClient: 4dedb6af613eb7d171814c343f8a82ee5411e13b
  GTMOAuth2: bdb12f3e0d2110bfe585f6151230b883beb4d042
  GTMSessionFetcher: 174bc61d5238f81f9ddb807b0b0170420f67de85
  Hue: 931aeeadcb29ce5de5b97589aa936be4638a1501
  JTCalendar: beb2f4c1b639bf6880f680b4858227acf83a049c
  SwiftMoment: 469c0734b5d4d6631a15a91f8093cf436c3cbb7c

PODFILE CHECKSUM: 79a688aab446d9e2054b5558bf28eef826c0abd6

COCOAPODS: 1.0.1
