// !$*UTF8*$!
{
	archiveVersion = 1;
	classes = {
	};
	objectVersion = 46;
	objects = {

/* Begin PBXBuildFile section */
		236D1BAB75AED873346D37DB /* Pods_EVLT.framework in Frameworks */ = {isa = PBXBuildFile; fileRef = 9A6B748C5C30D032D3DEE4B1 /* Pods_EVLT.framework */; };
		610D37AF1D6F4E5C0096C4C7 /* main.m in Sources */ = {isa = PBXBuildFile; fileRef = 610D37AE1D6F4E5C0096C4C7 /* main.m */; };
		610D37B21D6F4E5C0096C4C7 /* AppDelegate.m in Sources */ = {isa = PBXBuildFile; fileRef = 610D37B11D6F4E5C0096C4C7 /* AppDelegate.m */; };
		610D37B51D6F4E5C0096C4C7 /* ViewController.m in Sources */ = {isa = PBXBuildFile; fileRef = 610D37B41D6F4E5C0096C4C7 /* ViewController.m */; };
		610D37B81D6F4E5C0096C4C7 /* Main.storyboard in Resources */ = {isa = PBXBuildFile; fileRef = 610D37B61D6F4E5C0096C4C7 /* Main.storyboard */; };
		610D37BB1D6F4E5C0096C4C7 /* EVLT.xcdatamodeld in Sources */ = {isa = PBXBuildFile; fileRef = 610D37B91D6F4E5C0096C4C7 /* EVLT.xcdatamodeld */; };
		610D37BD1D6F4E5C0096C4C7 /* Assets.xcassets in Resources */ = {isa = PBXBuildFile; fileRef = 610D37BC1D6F4E5C0096C4C7 /* Assets.xcassets */; };
		610D37C01D6F4E5C0096C4C7 /* LaunchScreen.storyboard in Resources */ = {isa = PBXBuildFile; fileRef = 610D37BE1D6F4E5C0096C4C7 /* LaunchScreen.storyboard */; };
		610D37CB1D6F4E5C0096C4C7 /* EVLTTests.m in Sources */ = {isa = PBXBuildFile; fileRef = 610D37CA1D6F4E5C0096C4C7 /* EVLTTests.m */; };
		613302F11D7032E90056CB09 /* MapKit.framework in Frameworks */ = {isa = PBXBuildFile; fileRef = 613302F01D7032E90056CB09 /* MapKit.framework */; };
		613302F31D7032F30056CB09 /* CoreLocation.framework in Frameworks */ = {isa = PBXBuildFile; fileRef = 613302F21D7032F30056CB09 /* CoreLocation.framework */; };
		613303021D7035AD0056CB09 /* CalendarViewController.m in Sources */ = {isa = PBXBuildFile; fileRef = 613302FC1D7035AD0056CB09 /* CalendarViewController.m */; };
		613303031D7035AD0056CB09 /* MapViewController.m in Sources */ = {isa = PBXBuildFile; fileRef = 613302FF1D7035AD0056CB09 /* MapViewController.m */; };
		613303041D7035AD0056CB09 /* TechnicienStoryboard.storyboard in Resources */ = {isa = PBXBuildFile; fileRef = 613303011D7035AD0056CB09 /* TechnicienStoryboard.storyboard */; };
		613303081D703DCE0056CB09 /* AdministratifStoryboard.storyboard in Resources */ = {isa = PBXBuildFile; fileRef = 613303071D703DCE0056CB09 /* AdministratifStoryboard.storyboard */; };
		6133031A1D7047510056CB09 /* DashboardViewController.m in Sources */ = {isa = PBXBuildFile; fileRef = 613303161D7047510056CB09 /* DashboardViewController.m */; };
		6133031B1D7047510056CB09 /* EncaissementsViewController.m in Sources */ = {isa = PBXBuildFile; fileRef = 613303191D7047510056CB09 /* EncaissementsViewController.m */; };
		6133031F1D7047730056CB09 /* ProggramationViewController.m in Sources */ = {isa = PBXBuildFile; fileRef = 6133031E1D7047730056CB09 /* ProggramationViewController.m */; };
		613303261D7048410056CB09 /* SAVStoryboard.storyboard in Resources */ = {isa = PBXBuildFile; fileRef = 613303251D7048410056CB09 /* SAVStoryboard.storyboard */; };
		6133032A1D7048FA0056CB09 /* HomeViewController.m in Sources */ = {isa = PBXBuildFile; fileRef = 613303291D7048FA0056CB09 /* HomeViewController.m */; };
		6133032F1D704B950056CB09 /* ContactsViewController.m in Sources */ = {isa = PBXBuildFile; fileRef = 6133032E1D704B950056CB09 /* ContactsViewController.m */; };
		613303341D704BE50056CB09 /* CommercialStoryboard.storyboard in Resources */ = {isa = PBXBuildFile; fileRef = 613303331D704BE50056CB09 /* CommercialStoryboard.storyboard */; };
		613303371D70590C0056CB09 /* LoginViewController.m in Sources */ = {isa = PBXBuildFile; fileRef = 613303361D70590C0056CB09 /* LoginViewController.m */; };
		93DE31FB1D70BBF1002CEFF7 /* Client2.m in Sources */ = {isa = PBXBuildFile; fileRef = 93DE31EE1D70BBF1002CEFF7 /* Client2.m */; };
		93DE31FC1D70BBF1002CEFF7 /* Photo2.m in Sources */ = {isa = PBXBuildFile; fileRef = 93DE31F01D70BBF1002CEFF7 /* Photo2.m */; };
		93DE31FD1D70BBF1002CEFF7 /* ProjectforDate2.m in Sources */ = {isa = PBXBuildFile; fileRef = 93DE31F21D70BBF1002CEFF7 /* ProjectforDate2.m */; };
		93DE31FE1D70BBF1002CEFF7 /* Projet2.m in Sources */ = {isa = PBXBuildFile; fileRef = 93DE31F41D70BBF1002CEFF7 /* Projet2.m */; };
		93DE31FF1D70BBF1002CEFF7 /* Reseau2.m in Sources */ = {isa = PBXBuildFile; fileRef = 93DE31F61D70BBF1002CEFF7 /* Reseau2.m */; };
		93DE32001D70BBF1002CEFF7 /* Technician2.m in Sources */ = {isa = PBXBuildFile; fileRef = 93DE31F81D70BBF1002CEFF7 /* Technician2.m */; };
		93DE32011D70BBF1002CEFF7 /* TECProjectAnnotation2.m in Sources */ = {isa = PBXBuildFile; fileRef = 93DE31FA1D70BBF1002CEFF7 /* TECProjectAnnotation2.m */; };
		93DE32291D70BC85002CEFF7 /* AbstractRequest2.m in Sources */ = {isa = PBXBuildFile; fileRef = 93DE32061D70BC85002CEFF7 /* AbstractRequest2.m */; };
		93DE322A1D70BC85002CEFF7 /* AllCoordsListRequest2.m in Sources */ = {isa = PBXBuildFile; fileRef = 93DE32081D70BC85002CEFF7 /* AllCoordsListRequest2.m */; };
		93DE322B1D70BC85002CEFF7 /* ClientProjectsRequest2.m in Sources */ = {isa = PBXBuildFile; fileRef = 93DE320A1D70BC85002CEFF7 /* ClientProjectsRequest2.m */; };
		93DE322C1D70BC85002CEFF7 /* ClientsListRequest2.m in Sources */ = {isa = PBXBuildFile; fileRef = 93DE320C1D70BC85002CEFF7 /* ClientsListRequest2.m */; };
		93DE322D1D70BC85002CEFF7 /* CommentaireRequest2.m in Sources */ = {isa = PBXBuildFile; fileRef = 93DE320E1D70BC85002CEFF7 /* CommentaireRequest2.m */; };
		93DE322E1D70BC85002CEFF7 /* Communicator2.m in Sources */ = {isa = PBXBuildFile; fileRef = 93DE32101D70BC85002CEFF7 /* Communicator2.m */; };
		93DE322F1D70BC85002CEFF7 /* CoordonneesClientRequest2.m in Sources */ = {isa = PBXBuildFile; fileRef = 93DE32121D70BC85002CEFF7 /* CoordonneesClientRequest2.m */; };
		93DE32301D70BC85002CEFF7 /* CoordonneesProjectRequest2.m in Sources */ = {isa = PBXBuildFile; fileRef = 93DE32141D70BC85002CEFF7 /* CoordonneesProjectRequest2.m */; };
		93DE32311D70BC85002CEFF7 /* DateRequest2.m in Sources */ = {isa = PBXBuildFile; fileRef = 93DE32161D70BC85002CEFF7 /* DateRequest2.m */; };
		93DE32321D70BC85002CEFF7 /* DeleteRequest2.m in Sources */ = {isa = PBXBuildFile; fileRef = 93DE32181D70BC85002CEFF7 /* DeleteRequest2.m */; };
		93DE32331D70BC85002CEFF7 /* DropBoxManager2.m in Sources */ = {isa = PBXBuildFile; fileRef = 93DE321A1D70BC85002CEFF7 /* DropBoxManager2.m */; };
		93DE32341D70BC85002CEFF7 /* NewClientRequest2.m in Sources */ = {isa = PBXBuildFile; fileRef = 93DE321C1D70BC85002CEFF7 /* NewClientRequest2.m */; };
		93DE32351D70BC85002CEFF7 /* PhotosRequest2.m in Sources */ = {isa = PBXBuildFile; fileRef = 93DE321E1D70BC85002CEFF7 /* PhotosRequest2.m */; };
		93DE32361D70BC85002CEFF7 /* ProjectDetailRequest2.m in Sources */ = {isa = PBXBuildFile; fileRef = 93DE32201D70BC85002CEFF7 /* ProjectDetailRequest2.m */; };
		93DE32371D70BC85002CEFF7 /* ReseauxRequest2.m in Sources */ = {isa = PBXBuildFile; fileRef = 93DE32221D70BC85002CEFF7 /* ReseauxRequest2.m */; };
		93DE32381D70BC85002CEFF7 /* TechnicianStore2.m in Sources */ = {isa = PBXBuildFile; fileRef = 93DE32241D70BC85002CEFF7 /* TechnicianStore2.m */; };
		93DE32391D70BC85002CEFF7 /* TECProjectManager2.m in Sources */ = {isa = PBXBuildFile; fileRef = 93DE32261D70BC85002CEFF7 /* TECProjectManager2.m */; };
		93DE323A1D70BC85002CEFF7 /* TimeConverter2.m in Sources */ = {isa = PBXBuildFile; fileRef = 93DE32281D70BC85002CEFF7 /* TimeConverter2.m */; };
		93DE32621D70C061002CEFF7 /* commentaireViewController2.m in Sources */ = {isa = PBXBuildFile; fileRef = 93DE323D1D70C060002CEFF7 /* commentaireViewController2.m */; };
		93DE32631D70C061002CEFF7 /* coordonneesChantierViewController2.m in Sources */ = {isa = PBXBuildFile; fileRef = 93DE323F1D70C060002CEFF7 /* coordonneesChantierViewController2.m */; };
		93DE32641D70C061002CEFF7 /* dateInstallationViewController2.m in Sources */ = {isa = PBXBuildFile; fileRef = 93DE32411D70C060002CEFF7 /* dateInstallationViewController2.m */; };
		93DE32651D70C061002CEFF7 /* detailProjetBisViewController2.m in Sources */ = {isa = PBXBuildFile; fileRef = 93DE32431D70C060002CEFF7 /* detailProjetBisViewController2.m */; };
		93DE32661D70C061002CEFF7 /* detailProjetViewController2.m in Sources */ = {isa = PBXBuildFile; fileRef = 93DE32451D70C060002CEFF7 /* detailProjetViewController2.m */; };
		93DE32671D70C061002CEFF7 /* photosDetailViewController2.m in Sources */ = {isa = PBXBuildFile; fileRef = 93DE32471D70C060002CEFF7 /* photosDetailViewController2.m */; };
		93DE32681D70C061002CEFF7 /* photosProjetViewController2.m in Sources */ = {isa = PBXBuildFile; fileRef = 93DE32491D70C060002CEFF7 /* photosProjetViewController2.m */; };
		93DE32691D70C061002CEFF7 /* projetsJourTableViewController2.m in Sources */ = {isa = PBXBuildFile; fileRef = 93DE324B1D70C060002CEFF7 /* projetsJourTableViewController2.m */; };
		93DE326A1D70C061002CEFF7 /* projetViewController2.m in Sources */ = {isa = PBXBuildFile; fileRef = 93DE324D1D70C060002CEFF7 /* projetViewController2.m */; };
		93DE326B1D70C061002CEFF7 /* ReseauChauffageEditionViewController2.m in Sources */ = {isa = PBXBuildFile; fileRef = 93DE324F1D70C061002CEFF7 /* ReseauChauffageEditionViewController2.m */; };
		93DE326C1D70C061002CEFF7 /* ReseauxChauffageTableViewController2.m in Sources */ = {isa = PBXBuildFile; fileRef = 93DE32511D70C061002CEFF7 /* ReseauxChauffageTableViewController2.m */; };
		93DE326D1D70C061002CEFF7 /* ReseauxECSTableViewController2.m in Sources */ = {isa = PBXBuildFile; fileRef = 93DE32531D70C061002CEFF7 /* ReseauxECSTableViewController2.m */; };
		93DE326E1D70C061002CEFF7 /* StatutProjetTableViewController2.m in Sources */ = {isa = PBXBuildFile; fileRef = 93DE32551D70C061002CEFF7 /* StatutProjetTableViewController2.m */; };
		93DE326F1D70C061002CEFF7 /* tachesProjetViewController2.m in Sources */ = {isa = PBXBuildFile; fileRef = 93DE32571D70C061002CEFF7 /* tachesProjetViewController2.m */; };
		93DE32711D70C061002CEFF7 /* technicienProjetViewController2.m in Sources */ = {isa = PBXBuildFile; fileRef = 93DE325B1D70C061002CEFF7 /* technicienProjetViewController2.m */; };
		93DE32721D70C061002CEFF7 /* TECTechniciansViewController2.m in Sources */ = {isa = PBXBuildFile; fileRef = 93DE325D1D70C061002CEFF7 /* TECTechniciansViewController2.m */; };
		93DE32741D70C061002CEFF7 /* zonesProjetViewController2.m in Sources */ = {isa = PBXBuildFile; fileRef = 93DE32611D70C061002CEFF7 /* zonesProjetViewController2.m */; };
		93DE32891D70C0BD002CEFF7 /* AddressCell2.m in Sources */ = {isa = PBXBuildFile; fileRef = 93DE32771D70C0BC002CEFF7 /* AddressCell2.m */; };
		93DE328A1D70C0BD002CEFF7 /* alerte.jpg in Resources */ = {isa = PBXBuildFile; fileRef = 93DE32781D70C0BC002CEFF7 /* alerte.jpg */; };
		93DE328B1D70C0BD002CEFF7 /* BadgeLabel2.m in Sources */ = {isa = PBXBuildFile; fileRef = 93DE327A1D70C0BC002CEFF7 /* BadgeLabel2.m */; };
		93DE328C1D70C0BD002CEFF7 /* cle.jpg in Resources */ = {isa = PBXBuildFile; fileRef = 93DE327B1D70C0BC002CEFF7 /* cle.jpg */; };
		93DE328D1D70C0BD002CEFF7 /* commentaire.jpeg in Resources */ = {isa = PBXBuildFile; fileRef = 93DE327C1D70C0BD002CEFF7 /* commentaire.jpeg */; };
		93DE328E1D70C0BD002CEFF7 /* EditableTableViewCell2.m in Sources */ = {isa = PBXBuildFile; fileRef = 93DE327E1D70C0BD002CEFF7 /* EditableTableViewCell2.m */; };
		93DE328F1D70C0BD002CEFF7 /* logo_technicien.png in Resources */ = {isa = PBXBuildFile; fileRef = 93DE327F1D70C0BD002CEFF7 /* logo_technicien.png */; };
		93DE32901D70C0BD002CEFF7 /* photos.jpg in Resources */ = {isa = PBXBuildFile; fileRef = 93DE32801D70C0BD002CEFF7 /* photos.jpg */; };
		93DE32911D70C0BD002CEFF7 /* ProjetJourCell2.m in Sources */ = {isa = PBXBuildFile; fileRef = 93DE32821D70C0BD002CEFF7 /* ProjetJourCell2.m */; };
		93DE32921D70C0BD002CEFF7 /* radiateur.jpg in Resources */ = {isa = PBXBuildFile; fileRef = 93DE32831D70C0BD002CEFF7 /* radiateur.jpg */; };
		93DE32931D70C0BD002CEFF7 /* ReseauCell2.m in Sources */ = {isa = PBXBuildFile; fileRef = 93DE32851D70C0BD002CEFF7 /* ReseauCell2.m */; };
		93DE32941D70C0BD002CEFF7 /* robinet.jpg in Resources */ = {isa = PBXBuildFile; fileRef = 93DE32861D70C0BD002CEFF7 /* robinet.jpg */; };
		93DE32951D70C0BD002CEFF7 /* valider.png in Resources */ = {isa = PBXBuildFile; fileRef = 93DE32871D70C0BD002CEFF7 /* valider.png */; };
		93DE32961D70C0BD002CEFF7 /* vide.png in Resources */ = {isa = PBXBuildFile; fileRef = 93DE32881D70C0BD002CEFF7 /* vide.png */; };
/* End PBXBuildFile section */

/* Begin PBXContainerItemProxy section */
		610D37C71D6F4E5C0096C4C7 /* PBXContainerItemProxy */ = {
			isa = PBXContainerItemProxy;
			containerPortal = 610D37A21D6F4E5C0096C4C7 /* Project object */;
			proxyType = 1;
			remoteGlobalIDString = 610D37A91D6F4E5C0096C4C7;
			remoteInfo = EVLT;
		};
/* End PBXContainerItemProxy section */

/* Begin PBXFileReference section */
		0F016E0E50FE3260450AFA73 /* Pods-EVLT.debug.xcconfig */ = {isa = PBXFileReference; includeInIndex = 1; lastKnownFileType = text.xcconfig; name = "Pods-EVLT.debug.xcconfig"; path = "Pods/Target Support Files/Pods-EVLT/Pods-EVLT.debug.xcconfig"; sourceTree = "<group>"; };
		610D37AA1D6F4E5C0096C4C7 /* EVLT.app */ = {isa = PBXFileReference; explicitFileType = wrapper.application; includeInIndex = 0; path = EVLT.app; sourceTree = BUILT_PRODUCTS_DIR; };
		610D37AE1D6F4E5C0096C4C7 /* main.m */ = {isa = PBXFileReference; lastKnownFileType = sourcecode.c.objc; path = main.m; sourceTree = "<group>"; };
		610D37B01D6F4E5C0096C4C7 /* AppDelegate.h */ = {isa = PBXFileReference; lastKnownFileType = sourcecode.c.h; path = AppDelegate.h; sourceTree = "<group>"; };
		610D37B11D6F4E5C0096C4C7 /* AppDelegate.m */ = {isa = PBXFileReference; lastKnownFileType = sourcecode.c.objc; path = AppDelegate.m; sourceTree = "<group>"; };
		610D37B31D6F4E5C0096C4C7 /* ViewController.h */ = {isa = PBXFileReference; lastKnownFileType = sourcecode.c.h; path = ViewController.h; sourceTree = "<group>"; };
		610D37B41D6F4E5C0096C4C7 /* ViewController.m */ = {isa = PBXFileReference; lastKnownFileType = sourcecode.c.objc; path = ViewController.m; sourceTree = "<group>"; };
		610D37B71D6F4E5C0096C4C7 /* Base */ = {isa = PBXFileReference; lastKnownFileType = file.storyboard; name = Base; path = Base.lproj/Main.storyboard; sourceTree = "<group>"; };
		610D37BA1D6F4E5C0096C4C7 /* EVLT.xcdatamodel */ = {isa = PBXFileReference; lastKnownFileType = wrapper.xcdatamodel; path = EVLT.xcdatamodel; sourceTree = "<group>"; };
		610D37BC1D6F4E5C0096C4C7 /* Assets.xcassets */ = {isa = PBXFileReference; lastKnownFileType = folder.assetcatalog; path = Assets.xcassets; sourceTree = "<group>"; };
		610D37BF1D6F4E5C0096C4C7 /* Base */ = {isa = PBXFileReference; lastKnownFileType = file.storyboard; name = Base; path = Base.lproj/LaunchScreen.storyboard; sourceTree = "<group>"; };
		610D37C11D6F4E5C0096C4C7 /* Info.plist */ = {isa = PBXFileReference; lastKnownFileType = text.plist.xml; path = Info.plist; sourceTree = "<group>"; };
		610D37C61D6F4E5C0096C4C7 /* EVLTTests.xctest */ = {isa = PBXFileReference; explicitFileType = wrapper.cfbundle; includeInIndex = 0; path = EVLTTests.xctest; sourceTree = BUILT_PRODUCTS_DIR; };
		610D37CA1D6F4E5C0096C4C7 /* EVLTTests.m */ = {isa = PBXFileReference; lastKnownFileType = sourcecode.c.objc; path = EVLTTests.m; sourceTree = "<group>"; };
		610D37CC1D6F4E5C0096C4C7 /* Info.plist */ = {isa = PBXFileReference; lastKnownFileType = text.plist.xml; path = Info.plist; sourceTree = "<group>"; };
		613302F01D7032E90056CB09 /* MapKit.framework */ = {isa = PBXFileReference; lastKnownFileType = wrapper.framework; name = MapKit.framework; path = System/Library/Frameworks/MapKit.framework; sourceTree = SDKROOT; };
		613302F21D7032F30056CB09 /* CoreLocation.framework */ = {isa = PBXFileReference; lastKnownFileType = wrapper.framework; name = CoreLocation.framework; path = System/Library/Frameworks/CoreLocation.framework; sourceTree = SDKROOT; };
		613302FB1D7035AD0056CB09 /* CalendarViewController.h */ = {isa = PBXFileReference; fileEncoding = 4; lastKnownFileType = sourcecode.c.h; path = CalendarViewController.h; sourceTree = "<group>"; };
		613302FC1D7035AD0056CB09 /* CalendarViewController.m */ = {isa = PBXFileReference; fileEncoding = 4; lastKnownFileType = sourcecode.c.objc; path = CalendarViewController.m; sourceTree = "<group>"; };
		613302FE1D7035AD0056CB09 /* MapViewController.h */ = {isa = PBXFileReference; fileEncoding = 4; lastKnownFileType = sourcecode.c.h; path = MapViewController.h; sourceTree = "<group>"; };
		613302FF1D7035AD0056CB09 /* MapViewController.m */ = {isa = PBXFileReference; fileEncoding = 4; lastKnownFileType = sourcecode.c.objc; path = MapViewController.m; sourceTree = "<group>"; };
		613303011D7035AD0056CB09 /* TechnicienStoryboard.storyboard */ = {isa = PBXFileReference; fileEncoding = 4; lastKnownFileType = file.storyboard; path = TechnicienStoryboard.storyboard; sourceTree = "<group>"; };
		613303071D703DCE0056CB09 /* AdministratifStoryboard.storyboard */ = {isa = PBXFileReference; fileEncoding = 4; lastKnownFileType = file.storyboard; name = AdministratifStoryboard.storyboard; path = Administratif/Views/AdministratifStoryboard.storyboard; sourceTree = "<group>"; };
		613303151D7047510056CB09 /* DashboardViewController.h */ = {isa = PBXFileReference; fileEncoding = 4; lastKnownFileType = sourcecode.c.h; path = DashboardViewController.h; sourceTree = "<group>"; };
		613303161D7047510056CB09 /* DashboardViewController.m */ = {isa = PBXFileReference; fileEncoding = 4; lastKnownFileType = sourcecode.c.objc; path = DashboardViewController.m; sourceTree = "<group>"; };
		613303181D7047510056CB09 /* EncaissementsViewController.h */ = {isa = PBXFileReference; fileEncoding = 4; lastKnownFileType = sourcecode.c.h; path = EncaissementsViewController.h; sourceTree = "<group>"; };
		613303191D7047510056CB09 /* EncaissementsViewController.m */ = {isa = PBXFileReference; fileEncoding = 4; lastKnownFileType = sourcecode.c.objc; path = EncaissementsViewController.m; sourceTree = "<group>"; };
		6133031D1D7047730056CB09 /* ProggramationViewController.h */ = {isa = PBXFileReference; fileEncoding = 4; lastKnownFileType = sourcecode.c.h; name = ProggramationViewController.h; path = Proggramation/ProggramationViewController.h; sourceTree = "<group>"; };
		6133031E1D7047730056CB09 /* ProggramationViewController.m */ = {isa = PBXFileReference; fileEncoding = 4; lastKnownFileType = sourcecode.c.objc; name = ProggramationViewController.m; path = Proggramation/ProggramationViewController.m; sourceTree = "<group>"; };
		613303251D7048410056CB09 /* SAVStoryboard.storyboard */ = {isa = PBXFileReference; fileEncoding = 4; lastKnownFileType = file.storyboard; name = SAVStoryboard.storyboard; path = SAV/Views/SAVStoryboard.storyboard; sourceTree = "<group>"; };
		613303281D7048FA0056CB09 /* HomeViewController.h */ = {isa = PBXFileReference; fileEncoding = 4; lastKnownFileType = sourcecode.c.h; name = HomeViewController.h; path = SAV/Controllers/Home/HomeViewController.h; sourceTree = "<group>"; };
		613303291D7048FA0056CB09 /* HomeViewController.m */ = {isa = PBXFileReference; fileEncoding = 4; lastKnownFileType = sourcecode.c.objc; name = HomeViewController.m; path = SAV/Controllers/Home/HomeViewController.m; sourceTree = "<group>"; };
		6133032D1D704B950056CB09 /* ContactsViewController.h */ = {isa = PBXFileReference; fileEncoding = 4; lastKnownFileType = sourcecode.c.h; name = ContactsViewController.h; path = SAV/Controllers/Contacts/ContactsViewController.h; sourceTree = "<group>"; };
		6133032E1D704B950056CB09 /* ContactsViewController.m */ = {isa = PBXFileReference; fileEncoding = 4; lastKnownFileType = sourcecode.c.objc; name = ContactsViewController.m; path = SAV/Controllers/Contacts/ContactsViewController.m; sourceTree = "<group>"; };
		613303331D704BE50056CB09 /* CommercialStoryboard.storyboard */ = {isa = PBXFileReference; fileEncoding = 4; lastKnownFileType = file.storyboard; name = CommercialStoryboard.storyboard; path = Commercial/Views/CommercialStoryboard.storyboard; sourceTree = "<group>"; };
		613303351D70590C0056CB09 /* LoginViewController.h */ = {isa = PBXFileReference; fileEncoding = 4; lastKnownFileType = sourcecode.c.h; name = LoginViewController.h; path = Commercial/Controllers/Login/LoginViewController.h; sourceTree = "<group>"; };
		613303361D70590C0056CB09 /* LoginViewController.m */ = {isa = PBXFileReference; fileEncoding = 4; lastKnownFileType = sourcecode.c.objc; name = LoginViewController.m; path = Commercial/Controllers/Login/LoginViewController.m; sourceTree = "<group>"; };
		93DE31ED1D70BBF1002CEFF7 /* Client2.h */ = {isa = PBXFileReference; fileEncoding = 4; lastKnownFileType = sourcecode.c.h; path = Client2.h; sourceTree = "<group>"; };
		93DE31EE1D70BBF1002CEFF7 /* Client2.m */ = {isa = PBXFileReference; fileEncoding = 4; lastKnownFileType = sourcecode.c.objc; path = Client2.m; sourceTree = "<group>"; };
		93DE31EF1D70BBF1002CEFF7 /* Photo2.h */ = {isa = PBXFileReference; fileEncoding = 4; lastKnownFileType = sourcecode.c.h; path = Photo2.h; sourceTree = "<group>"; };
		93DE31F01D70BBF1002CEFF7 /* Photo2.m */ = {isa = PBXFileReference; fileEncoding = 4; lastKnownFileType = sourcecode.c.objc; path = Photo2.m; sourceTree = "<group>"; };
		93DE31F11D70BBF1002CEFF7 /* ProjectforDate2.h */ = {isa = PBXFileReference; fileEncoding = 4; lastKnownFileType = sourcecode.c.h; path = ProjectforDate2.h; sourceTree = "<group>"; };
		93DE31F21D70BBF1002CEFF7 /* ProjectforDate2.m */ = {isa = PBXFileReference; fileEncoding = 4; lastKnownFileType = sourcecode.c.objc; path = ProjectforDate2.m; sourceTree = "<group>"; };
		93DE31F31D70BBF1002CEFF7 /* Projet2.h */ = {isa = PBXFileReference; fileEncoding = 4; lastKnownFileType = sourcecode.c.h; path = Projet2.h; sourceTree = "<group>"; };
		93DE31F41D70BBF1002CEFF7 /* Projet2.m */ = {isa = PBXFileReference; fileEncoding = 4; lastKnownFileType = sourcecode.c.objc; path = Projet2.m; sourceTree = "<group>"; };
		93DE31F51D70BBF1002CEFF7 /* Reseau2.h */ = {isa = PBXFileReference; fileEncoding = 4; lastKnownFileType = sourcecode.c.h; path = Reseau2.h; sourceTree = "<group>"; };
		93DE31F61D70BBF1002CEFF7 /* Reseau2.m */ = {isa = PBXFileReference; fileEncoding = 4; lastKnownFileType = sourcecode.c.objc; path = Reseau2.m; sourceTree = "<group>"; };
		93DE31F71D70BBF1002CEFF7 /* Technician2.h */ = {isa = PBXFileReference; fileEncoding = 4; lastKnownFileType = sourcecode.c.h; path = Technician2.h; sourceTree = "<group>"; };
		93DE31F81D70BBF1002CEFF7 /* Technician2.m */ = {isa = PBXFileReference; fileEncoding = 4; lastKnownFileType = sourcecode.c.objc; path = Technician2.m; sourceTree = "<group>"; };
		93DE31F91D70BBF1002CEFF7 /* TECProjectAnnotation2.h */ = {isa = PBXFileReference; fileEncoding = 4; lastKnownFileType = sourcecode.c.h; path = TECProjectAnnotation2.h; sourceTree = "<group>"; };
		93DE31FA1D70BBF1002CEFF7 /* TECProjectAnnotation2.m */ = {isa = PBXFileReference; fileEncoding = 4; lastKnownFileType = sourcecode.c.objc; path = TECProjectAnnotation2.m; sourceTree = "<group>"; };
		93DE32051D70BC85002CEFF7 /* AbstractRequest2.h */ = {isa = PBXFileReference; fileEncoding = 4; lastKnownFileType = sourcecode.c.h; path = AbstractRequest2.h; sourceTree = "<group>"; };
		93DE32061D70BC85002CEFF7 /* AbstractRequest2.m */ = {isa = PBXFileReference; fileEncoding = 4; lastKnownFileType = sourcecode.c.objc; path = AbstractRequest2.m; sourceTree = "<group>"; };
		93DE32071D70BC85002CEFF7 /* AllCoordsListRequest2.h */ = {isa = PBXFileReference; fileEncoding = 4; lastKnownFileType = sourcecode.c.h; path = AllCoordsListRequest2.h; sourceTree = "<group>"; };
		93DE32081D70BC85002CEFF7 /* AllCoordsListRequest2.m */ = {isa = PBXFileReference; fileEncoding = 4; lastKnownFileType = sourcecode.c.objc; path = AllCoordsListRequest2.m; sourceTree = "<group>"; };
		93DE32091D70BC85002CEFF7 /* ClientProjectsRequest2.h */ = {isa = PBXFileReference; fileEncoding = 4; lastKnownFileType = sourcecode.c.h; path = ClientProjectsRequest2.h; sourceTree = "<group>"; };
		93DE320A1D70BC85002CEFF7 /* ClientProjectsRequest2.m */ = {isa = PBXFileReference; fileEncoding = 4; lastKnownFileType = sourcecode.c.objc; path = ClientProjectsRequest2.m; sourceTree = "<group>"; };
		93DE320B1D70BC85002CEFF7 /* ClientsListRequest2.h */ = {isa = PBXFileReference; fileEncoding = 4; lastKnownFileType = sourcecode.c.h; path = ClientsListRequest2.h; sourceTree = "<group>"; };
		93DE320C1D70BC85002CEFF7 /* ClientsListRequest2.m */ = {isa = PBXFileReference; fileEncoding = 4; lastKnownFileType = sourcecode.c.objc; path = ClientsListRequest2.m; sourceTree = "<group>"; };
		93DE320D1D70BC85002CEFF7 /* CommentaireRequest2.h */ = {isa = PBXFileReference; fileEncoding = 4; lastKnownFileType = sourcecode.c.h; path = CommentaireRequest2.h; sourceTree = "<group>"; };
		93DE320E1D70BC85002CEFF7 /* CommentaireRequest2.m */ = {isa = PBXFileReference; fileEncoding = 4; lastKnownFileType = sourcecode.c.objc; path = CommentaireRequest2.m; sourceTree = "<group>"; };
		93DE320F1D70BC85002CEFF7 /* Communicator2.h */ = {isa = PBXFileReference; fileEncoding = 4; lastKnownFileType = sourcecode.c.h; path = Communicator2.h; sourceTree = "<group>"; };
		93DE32101D70BC85002CEFF7 /* Communicator2.m */ = {isa = PBXFileReference; fileEncoding = 4; lastKnownFileType = sourcecode.c.objc; path = Communicator2.m; sourceTree = "<group>"; };
		93DE32111D70BC85002CEFF7 /* CoordonneesClientRequest2.h */ = {isa = PBXFileReference; fileEncoding = 4; lastKnownFileType = sourcecode.c.h; path = CoordonneesClientRequest2.h; sourceTree = "<group>"; };
		93DE32121D70BC85002CEFF7 /* CoordonneesClientRequest2.m */ = {isa = PBXFileReference; fileEncoding = 4; lastKnownFileType = sourcecode.c.objc; path = CoordonneesClientRequest2.m; sourceTree = "<group>"; };
		93DE32131D70BC85002CEFF7 /* CoordonneesProjectRequest2.h */ = {isa = PBXFileReference; fileEncoding = 4; lastKnownFileType = sourcecode.c.h; path = CoordonneesProjectRequest2.h; sourceTree = "<group>"; };
		93DE32141D70BC85002CEFF7 /* CoordonneesProjectRequest2.m */ = {isa = PBXFileReference; fileEncoding = 4; lastKnownFileType = sourcecode.c.objc; path = CoordonneesProjectRequest2.m; sourceTree = "<group>"; };
		93DE32151D70BC85002CEFF7 /* DateRequest2.h */ = {isa = PBXFileReference; fileEncoding = 4; lastKnownFileType = sourcecode.c.h; path = DateRequest2.h; sourceTree = "<group>"; };
		93DE32161D70BC85002CEFF7 /* DateRequest2.m */ = {isa = PBXFileReference; fileEncoding = 4; lastKnownFileType = sourcecode.c.objc; path = DateRequest2.m; sourceTree = "<group>"; };
		93DE32171D70BC85002CEFF7 /* DeleteRequest2.h */ = {isa = PBXFileReference; fileEncoding = 4; lastKnownFileType = sourcecode.c.h; path = DeleteRequest2.h; sourceTree = "<group>"; };
		93DE32181D70BC85002CEFF7 /* DeleteRequest2.m */ = {isa = PBXFileReference; fileEncoding = 4; lastKnownFileType = sourcecode.c.objc; path = DeleteRequest2.m; sourceTree = "<group>"; };
		93DE32191D70BC85002CEFF7 /* DropBoxManager2.h */ = {isa = PBXFileReference; fileEncoding = 4; lastKnownFileType = sourcecode.c.h; path = DropBoxManager2.h; sourceTree = "<group>"; };
		93DE321A1D70BC85002CEFF7 /* DropBoxManager2.m */ = {isa = PBXFileReference; fileEncoding = 4; lastKnownFileType = sourcecode.c.objc; path = DropBoxManager2.m; sourceTree = "<group>"; };
		93DE321B1D70BC85002CEFF7 /* NewClientRequest2.h */ = {isa = PBXFileReference; fileEncoding = 4; lastKnownFileType = sourcecode.c.h; path = NewClientRequest2.h; sourceTree = "<group>"; };
		93DE321C1D70BC85002CEFF7 /* NewClientRequest2.m */ = {isa = PBXFileReference; fileEncoding = 4; lastKnownFileType = sourcecode.c.objc; path = NewClientRequest2.m; sourceTree = "<group>"; };
		93DE321D1D70BC85002CEFF7 /* PhotosRequest2.h */ = {isa = PBXFileReference; fileEncoding = 4; lastKnownFileType = sourcecode.c.h; path = PhotosRequest2.h; sourceTree = "<group>"; };
		93DE321E1D70BC85002CEFF7 /* PhotosRequest2.m */ = {isa = PBXFileReference; fileEncoding = 4; lastKnownFileType = sourcecode.c.objc; path = PhotosRequest2.m; sourceTree = "<group>"; };
		93DE321F1D70BC85002CEFF7 /* ProjectDetailRequest2.h */ = {isa = PBXFileReference; fileEncoding = 4; lastKnownFileType = sourcecode.c.h; path = ProjectDetailRequest2.h; sourceTree = "<group>"; };
		93DE32201D70BC85002CEFF7 /* ProjectDetailRequest2.m */ = {isa = PBXFileReference; fileEncoding = 4; lastKnownFileType = sourcecode.c.objc; path = ProjectDetailRequest2.m; sourceTree = "<group>"; };
		93DE32211D70BC85002CEFF7 /* ReseauxRequest2.h */ = {isa = PBXFileReference; fileEncoding = 4; lastKnownFileType = sourcecode.c.h; path = ReseauxRequest2.h; sourceTree = "<group>"; };
		93DE32221D70BC85002CEFF7 /* ReseauxRequest2.m */ = {isa = PBXFileReference; fileEncoding = 4; lastKnownFileType = sourcecode.c.objc; path = ReseauxRequest2.m; sourceTree = "<group>"; };
		93DE32231D70BC85002CEFF7 /* TechnicianStore2.h */ = {isa = PBXFileReference; fileEncoding = 4; lastKnownFileType = sourcecode.c.h; path = TechnicianStore2.h; sourceTree = "<group>"; };
		93DE32241D70BC85002CEFF7 /* TechnicianStore2.m */ = {isa = PBXFileReference; fileEncoding = 4; lastKnownFileType = sourcecode.c.objc; path = TechnicianStore2.m; sourceTree = "<group>"; };
		93DE32251D70BC85002CEFF7 /* TECProjectManager2.h */ = {isa = PBXFileReference; fileEncoding = 4; lastKnownFileType = sourcecode.c.h; path = TECProjectManager2.h; sourceTree = "<group>"; };
		93DE32261D70BC85002CEFF7 /* TECProjectManager2.m */ = {isa = PBXFileReference; fileEncoding = 4; lastKnownFileType = sourcecode.c.objc; path = TECProjectManager2.m; sourceTree = "<group>"; };
		93DE32271D70BC85002CEFF7 /* TimeConverter2.h */ = {isa = PBXFileReference; fileEncoding = 4; lastKnownFileType = sourcecode.c.h; path = TimeConverter2.h; sourceTree = "<group>"; };
		93DE32281D70BC85002CEFF7 /* TimeConverter2.m */ = {isa = PBXFileReference; fileEncoding = 4; lastKnownFileType = sourcecode.c.objc; path = TimeConverter2.m; sourceTree = "<group>"; };
		93DE323C1D70C060002CEFF7 /* commentaireViewController2.h */ = {isa = PBXFileReference; fileEncoding = 4; lastKnownFileType = sourcecode.c.h; path = commentaireViewController2.h; sourceTree = "<group>"; };
		93DE323D1D70C060002CEFF7 /* commentaireViewController2.m */ = {isa = PBXFileReference; fileEncoding = 4; lastKnownFileType = sourcecode.c.objc; path = commentaireViewController2.m; sourceTree = "<group>"; };
		93DE323E1D70C060002CEFF7 /* coordonneesChantierViewController2.h */ = {isa = PBXFileReference; fileEncoding = 4; lastKnownFileType = sourcecode.c.h; path = coordonneesChantierViewController2.h; sourceTree = "<group>"; };
		93DE323F1D70C060002CEFF7 /* coordonneesChantierViewController2.m */ = {isa = PBXFileReference; fileEncoding = 4; lastKnownFileType = sourcecode.c.objc; path = coordonneesChantierViewController2.m; sourceTree = "<group>"; };
		93DE32401D70C060002CEFF7 /* dateInstallationViewController2.h */ = {isa = PBXFileReference; fileEncoding = 4; lastKnownFileType = sourcecode.c.h; path = dateInstallationViewController2.h; sourceTree = "<group>"; };
		93DE32411D70C060002CEFF7 /* dateInstallationViewController2.m */ = {isa = PBXFileReference; fileEncoding = 4; lastKnownFileType = sourcecode.c.objc; path = dateInstallationViewController2.m; sourceTree = "<group>"; };
		93DE32421D70C060002CEFF7 /* detailProjetBisViewController2.h */ = {isa = PBXFileReference; fileEncoding = 4; lastKnownFileType = sourcecode.c.h; path = detailProjetBisViewController2.h; sourceTree = "<group>"; };
		93DE32431D70C060002CEFF7 /* detailProjetBisViewController2.m */ = {isa = PBXFileReference; fileEncoding = 4; lastKnownFileType = sourcecode.c.objc; path = detailProjetBisViewController2.m; sourceTree = "<group>"; };
		93DE32441D70C060002CEFF7 /* detailProjetViewController2.h */ = {isa = PBXFileReference; fileEncoding = 4; lastKnownFileType = sourcecode.c.h; path = detailProjetViewController2.h; sourceTree = "<group>"; };
		93DE32451D70C060002CEFF7 /* detailProjetViewController2.m */ = {isa = PBXFileReference; fileEncoding = 4; lastKnownFileType = sourcecode.c.objc; path = detailProjetViewController2.m; sourceTree = "<group>"; };
		93DE32461D70C060002CEFF7 /* photosDetailViewController2.h */ = {isa = PBXFileReference; fileEncoding = 4; lastKnownFileType = sourcecode.c.h; path = photosDetailViewController2.h; sourceTree = "<group>"; };
		93DE32471D70C060002CEFF7 /* photosDetailViewController2.m */ = {isa = PBXFileReference; fileEncoding = 4; lastKnownFileType = sourcecode.c.objc; path = photosDetailViewController2.m; sourceTree = "<group>"; };
		93DE32481D70C060002CEFF7 /* photosProjetViewController2.h */ = {isa = PBXFileReference; fileEncoding = 4; lastKnownFileType = sourcecode.c.h; path = photosProjetViewController2.h; sourceTree = "<group>"; };
		93DE32491D70C060002CEFF7 /* photosProjetViewController2.m */ = {isa = PBXFileReference; fileEncoding = 4; lastKnownFileType = sourcecode.c.objc; path = photosProjetViewController2.m; sourceTree = "<group>"; };
		93DE324A1D70C060002CEFF7 /* projetsJourTableViewController2.h */ = {isa = PBXFileReference; fileEncoding = 4; lastKnownFileType = sourcecode.c.h; path = projetsJourTableViewController2.h; sourceTree = "<group>"; };
		93DE324B1D70C060002CEFF7 /* projetsJourTableViewController2.m */ = {isa = PBXFileReference; fileEncoding = 4; lastKnownFileType = sourcecode.c.objc; path = projetsJourTableViewController2.m; sourceTree = "<group>"; };
		93DE324C1D70C060002CEFF7 /* projetViewController2.h */ = {isa = PBXFileReference; fileEncoding = 4; lastKnownFileType = sourcecode.c.h; path = projetViewController2.h; sourceTree = "<group>"; };
		93DE324D1D70C060002CEFF7 /* projetViewController2.m */ = {isa = PBXFileReference; fileEncoding = 4; lastKnownFileType = sourcecode.c.objc; path = projetViewController2.m; sourceTree = "<group>"; };
		93DE324E1D70C060002CEFF7 /* ReseauChauffageEditionViewController2.h */ = {isa = PBXFileReference; fileEncoding = 4; lastKnownFileType = sourcecode.c.h; path = ReseauChauffageEditionViewController2.h; sourceTree = "<group>"; };
		93DE324F1D70C061002CEFF7 /* ReseauChauffageEditionViewController2.m */ = {isa = PBXFileReference; fileEncoding = 4; lastKnownFileType = sourcecode.c.objc; path = ReseauChauffageEditionViewController2.m; sourceTree = "<group>"; };
		93DE32501D70C061002CEFF7 /* ReseauxChauffageTableViewController2.h */ = {isa = PBXFileReference; fileEncoding = 4; lastKnownFileType = sourcecode.c.h; path = ReseauxChauffageTableViewController2.h; sourceTree = "<group>"; };
		93DE32511D70C061002CEFF7 /* ReseauxChauffageTableViewController2.m */ = {isa = PBXFileReference; fileEncoding = 4; lastKnownFileType = sourcecode.c.objc; path = ReseauxChauffageTableViewController2.m; sourceTree = "<group>"; };
		93DE32521D70C061002CEFF7 /* ReseauxECSTableViewController2.h */ = {isa = PBXFileReference; fileEncoding = 4; lastKnownFileType = sourcecode.c.h; path = ReseauxECSTableViewController2.h; sourceTree = "<group>"; };
		93DE32531D70C061002CEFF7 /* ReseauxECSTableViewController2.m */ = {isa = PBXFileReference; fileEncoding = 4; lastKnownFileType = sourcecode.c.objc; path = ReseauxECSTableViewController2.m; sourceTree = "<group>"; };
		93DE32541D70C061002CEFF7 /* StatutProjetTableViewController2.h */ = {isa = PBXFileReference; fileEncoding = 4; lastKnownFileType = sourcecode.c.h; path = StatutProjetTableViewController2.h; sourceTree = "<group>"; };
		93DE32551D70C061002CEFF7 /* StatutProjetTableViewController2.m */ = {isa = PBXFileReference; fileEncoding = 4; lastKnownFileType = sourcecode.c.objc; path = StatutProjetTableViewController2.m; sourceTree = "<group>"; };
		93DE32561D70C061002CEFF7 /* tachesProjetViewController2.h */ = {isa = PBXFileReference; fileEncoding = 4; lastKnownFileType = sourcecode.c.h; path = tachesProjetViewController2.h; sourceTree = "<group>"; };
		93DE32571D70C061002CEFF7 /* tachesProjetViewController2.m */ = {isa = PBXFileReference; fileEncoding = 4; lastKnownFileType = sourcecode.c.objc; path = tachesProjetViewController2.m; sourceTree = "<group>"; };
		93DE325A1D70C061002CEFF7 /* technicienProjetViewController2.h */ = {isa = PBXFileReference; fileEncoding = 4; lastKnownFileType = sourcecode.c.h; path = technicienProjetViewController2.h; sourceTree = "<group>"; };
		93DE325B1D70C061002CEFF7 /* technicienProjetViewController2.m */ = {isa = PBXFileReference; fileEncoding = 4; lastKnownFileType = sourcecode.c.objc; path = technicienProjetViewController2.m; sourceTree = "<group>"; };
		93DE325C1D70C061002CEFF7 /* TECTechniciansViewController2.h */ = {isa = PBXFileReference; fileEncoding = 4; lastKnownFileType = sourcecode.c.h; path = TECTechniciansViewController2.h; sourceTree = "<group>"; };
		93DE325D1D70C061002CEFF7 /* TECTechniciansViewController2.m */ = {isa = PBXFileReference; fileEncoding = 4; lastKnownFileType = sourcecode.c.objc; path = TECTechniciansViewController2.m; sourceTree = "<group>"; };
		93DE32601D70C061002CEFF7 /* zonesProjetViewController2.h */ = {isa = PBXFileReference; fileEncoding = 4; lastKnownFileType = sourcecode.c.h; path = zonesProjetViewController2.h; sourceTree = "<group>"; };
		93DE32611D70C061002CEFF7 /* zonesProjetViewController2.m */ = {isa = PBXFileReference; fileEncoding = 4; lastKnownFileType = sourcecode.c.objc; path = zonesProjetViewController2.m; sourceTree = "<group>"; };
		93DE32761D70C0BC002CEFF7 /* AddressCell2.h */ = {isa = PBXFileReference; fileEncoding = 4; lastKnownFileType = sourcecode.c.h; path = AddressCell2.h; sourceTree = "<group>"; };
		93DE32771D70C0BC002CEFF7 /* AddressCell2.m */ = {isa = PBXFileReference; fileEncoding = 4; lastKnownFileType = sourcecode.c.objc; path = AddressCell2.m; sourceTree = "<group>"; };
		93DE32781D70C0BC002CEFF7 /* alerte.jpg */ = {isa = PBXFileReference; lastKnownFileType = image.jpeg; path = alerte.jpg; sourceTree = "<group>"; };
		93DE32791D70C0BC002CEFF7 /* BadgeLabel2.h */ = {isa = PBXFileReference; fileEncoding = 4; lastKnownFileType = sourcecode.c.h; path = BadgeLabel2.h; sourceTree = "<group>"; };
		93DE327A1D70C0BC002CEFF7 /* BadgeLabel2.m */ = {isa = PBXFileReference; fileEncoding = 4; lastKnownFileType = sourcecode.c.objc; path = BadgeLabel2.m; sourceTree = "<group>"; };
		93DE327B1D70C0BC002CEFF7 /* cle.jpg */ = {isa = PBXFileReference; lastKnownFileType = image.jpeg; path = cle.jpg; sourceTree = "<group>"; };
		93DE327C1D70C0BD002CEFF7 /* commentaire.jpeg */ = {isa = PBXFileReference; lastKnownFileType = image.jpeg; path = commentaire.jpeg; sourceTree = "<group>"; };
		93DE327D1D70C0BD002CEFF7 /* EditableTableViewCell2.h */ = {isa = PBXFileReference; fileEncoding = 4; lastKnownFileType = sourcecode.c.h; path = EditableTableViewCell2.h; sourceTree = "<group>"; };
		93DE327E1D70C0BD002CEFF7 /* EditableTableViewCell2.m */ = {isa = PBXFileReference; fileEncoding = 4; lastKnownFileType = sourcecode.c.objc; path = EditableTableViewCell2.m; sourceTree = "<group>"; };
		93DE327F1D70C0BD002CEFF7 /* logo_technicien.png */ = {isa = PBXFileReference; lastKnownFileType = image.png; path = logo_technicien.png; sourceTree = "<group>"; };
		93DE32801D70C0BD002CEFF7 /* photos.jpg */ = {isa = PBXFileReference; lastKnownFileType = image.jpeg; path = photos.jpg; sourceTree = "<group>"; };
		93DE32811D70C0BD002CEFF7 /* ProjetJourCell2.h */ = {isa = PBXFileReference; fileEncoding = 4; lastKnownFileType = sourcecode.c.h; path = ProjetJourCell2.h; sourceTree = "<group>"; };
		93DE32821D70C0BD002CEFF7 /* ProjetJourCell2.m */ = {isa = PBXFileReference; fileEncoding = 4; lastKnownFileType = sourcecode.c.objc; path = ProjetJourCell2.m; sourceTree = "<group>"; };
		93DE32831D70C0BD002CEFF7 /* radiateur.jpg */ = {isa = PBXFileReference; lastKnownFileType = image.jpeg; path = radiateur.jpg; sourceTree = "<group>"; };
		93DE32841D70C0BD002CEFF7 /* ReseauCell2.h */ = {isa = PBXFileReference; fileEncoding = 4; lastKnownFileType = sourcecode.c.h; path = ReseauCell2.h; sourceTree = "<group>"; };
		93DE32851D70C0BD002CEFF7 /* ReseauCell2.m */ = {isa = PBXFileReference; fileEncoding = 4; lastKnownFileType = sourcecode.c.objc; path = ReseauCell2.m; sourceTree = "<group>"; };
		93DE32861D70C0BD002CEFF7 /* robinet.jpg */ = {isa = PBXFileReference; lastKnownFileType = image.jpeg; path = robinet.jpg; sourceTree = "<group>"; };
		93DE32871D70C0BD002CEFF7 /* valider.png */ = {isa = PBXFileReference; lastKnownFileType = image.png; path = valider.png; sourceTree = "<group>"; };
		93DE32881D70C0BD002CEFF7 /* vide.png */ = {isa = PBXFileReference; lastKnownFileType = image.png; path = vide.png; sourceTree = "<group>"; };
		9A6B748C5C30D032D3DEE4B1 /* Pods_EVLT.framework */ = {isa = PBXFileReference; explicitFileType = wrapper.framework; includeInIndex = 0; path = Pods_EVLT.framework; sourceTree = BUILT_PRODUCTS_DIR; };
		B93934DE5237D757C237D074 /* Pods-EVLT.release.xcconfig */ = {isa = PBXFileReference; includeInIndex = 1; lastKnownFileType = text.xcconfig; name = "Pods-EVLT.release.xcconfig"; path = "Pods/Target Support Files/Pods-EVLT/Pods-EVLT.release.xcconfig"; sourceTree = "<group>"; };
/* End PBXFileReference section */

/* Begin PBXFrameworksBuildPhase section */
		610D37A71D6F4E5C0096C4C7 /* Frameworks */ = {
			isa = PBXFrameworksBuildPhase;
			buildActionMask = 2147483647;
			files = (
				613302F31D7032F30056CB09 /* CoreLocation.framework in Frameworks */,
				613302F11D7032E90056CB09 /* MapKit.framework in Frameworks */,
				236D1BAB75AED873346D37DB /* Pods_EVLT.framework in Frameworks */,
			);
			runOnlyForDeploymentPostprocessing = 0;
		};
		610D37C31D6F4E5C0096C4C7 /* Frameworks */ = {
			isa = PBXFrameworksBuildPhase;
			buildActionMask = 2147483647;
			files = (
			);
			runOnlyForDeploymentPostprocessing = 0;
		};
/* End PBXFrameworksBuildPhase section */

/* Begin PBXGroup section */
		4404CB52F16D5F0E1D1B999A /* Frameworks */ = {
			isa = PBXGroup;
			children = (
				613302F21D7032F30056CB09 /* CoreLocation.framework */,
				613302F01D7032E90056CB09 /* MapKit.framework */,
				9A6B748C5C30D032D3DEE4B1 /* Pods_EVLT.framework */,
			);
			name = Frameworks;
			sourceTree = "<group>";
		};
		610D37A11D6F4E5C0096C4C7 = {
			isa = PBXGroup;
			children = (
				610D37AC1D6F4E5C0096C4C7 /* EVLT */,
				610D37C91D6F4E5C0096C4C7 /* EVLTTests */,
				610D37AB1D6F4E5C0096C4C7 /* Products */,
				7055F448626C800106607F31 /* Pods */,
				4404CB52F16D5F0E1D1B999A /* Frameworks */,
			);
			sourceTree = "<group>";
		};
		610D37AB1D6F4E5C0096C4C7 /* Products */ = {
			isa = PBXGroup;
			children = (
				610D37AA1D6F4E5C0096C4C7 /* EVLT.app */,
				610D37C61D6F4E5C0096C4C7 /* EVLTTests.xctest */,
			);
			name = Products;
			sourceTree = "<group>";
		};
		610D37AC1D6F4E5C0096C4C7 /* EVLT */ = {
			isa = PBXGroup;
			children = (
				613303301D704BBD0056CB09 /* Commercial */,
				613303201D7047C90056CB09 /* SAV */,
				613303051D703D870056CB09 /* Administratif */,
				613302F81D7035AD0056CB09 /* Technicien */,
				610D37B01D6F4E5C0096C4C7 /* AppDelegate.h */,
				610D37B11D6F4E5C0096C4C7 /* AppDelegate.m */,
				610D37B31D6F4E5C0096C4C7 /* ViewController.h */,
				610D37B41D6F4E5C0096C4C7 /* ViewController.m */,
				610D37B61D6F4E5C0096C4C7 /* Main.storyboard */,
				610D37BC1D6F4E5C0096C4C7 /* Assets.xcassets */,
				610D37BE1D6F4E5C0096C4C7 /* LaunchScreen.storyboard */,
				610D37C11D6F4E5C0096C4C7 /* Info.plist */,
				610D37B91D6F4E5C0096C4C7 /* EVLT.xcdatamodeld */,
				610D37AD1D6F4E5C0096C4C7 /* Supporting Files */,
			);
			path = EVLT;
			sourceTree = "<group>";
		};
		610D37AD1D6F4E5C0096C4C7 /* Supporting Files */ = {
			isa = PBXGroup;
			children = (
				610D37AE1D6F4E5C0096C4C7 /* main.m */,
			);
			name = "Supporting Files";
			sourceTree = "<group>";
		};
		610D37C91D6F4E5C0096C4C7 /* EVLTTests */ = {
			isa = PBXGroup;
			children = (
				610D37CA1D6F4E5C0096C4C7 /* EVLTTests.m */,
				610D37CC1D6F4E5C0096C4C7 /* Info.plist */,
			);
			path = EVLTTests;
			sourceTree = "<group>";
		};
		613302F81D7035AD0056CB09 /* Technicien */ = {
			isa = PBXGroup;
			children = (
				93DE323B1D70C060002CEFF7 /* ViewControllers */,
				93DE32031D70BC85002CEFF7 /* Logic */,
				93DE31EC1D70BBF1002CEFF7 /* Model */,
				613302F91D7035AD0056CB09 /* Controllers */,
				613303001D7035AD0056CB09 /* Views */,
			);
			path = Technicien;
			sourceTree = "<group>";
		};
		613302F91D7035AD0056CB09 /* Controllers */ = {
			isa = PBXGroup;
			children = (
				613302FA1D7035AD0056CB09 /* Calendar */,
				613302FD1D7035AD0056CB09 /* Map */,
			);
			path = Controllers;
			sourceTree = "<group>";
		};
		613302FA1D7035AD0056CB09 /* Calendar */ = {
			isa = PBXGroup;
			children = (
				613302FB1D7035AD0056CB09 /* CalendarViewController.h */,
				613302FC1D7035AD0056CB09 /* CalendarViewController.m */,
			);
			path = Calendar;
			sourceTree = "<group>";
		};
		613302FD1D7035AD0056CB09 /* Map */ = {
			isa = PBXGroup;
			children = (
				613302FE1D7035AD0056CB09 /* MapViewController.h */,
				613302FF1D7035AD0056CB09 /* MapViewController.m */,
			);
			path = Map;
			sourceTree = "<group>";
		};
		613303001D7035AD0056CB09 /* Views */ = {
			isa = PBXGroup;
			children = (
				93DE32751D70C0BC002CEFF7 /* Cells */,
				613303011D7035AD0056CB09 /* TechnicienStoryboard.storyboard */,
			);
			path = Views;
			sourceTree = "<group>";
		};
		613303051D703D870056CB09 /* Administratif */ = {
			isa = PBXGroup;
			children = (
				613303131D7047510056CB09 /* Controllers */,
				613303061D703DB10056CB09 /* Views */,
			);
			name = Administratif;
			sourceTree = "<group>";
		};
		613303061D703DB10056CB09 /* Views */ = {
			isa = PBXGroup;
			children = (
				613303071D703DCE0056CB09 /* AdministratifStoryboard.storyboard */,
			);
			name = Views;
			sourceTree = "<group>";
		};
		613303131D7047510056CB09 /* Controllers */ = {
			isa = PBXGroup;
			children = (
				6133031C1D70475E0056CB09 /* Proggramation */,
				613303141D7047510056CB09 /* Dashboard */,
				613303171D7047510056CB09 /* Encaissements */,
			);
			name = Controllers;
			path = Administratif/Controllers;
			sourceTree = "<group>";
		};
		613303141D7047510056CB09 /* Dashboard */ = {
			isa = PBXGroup;
			children = (
				613303151D7047510056CB09 /* DashboardViewController.h */,
				613303161D7047510056CB09 /* DashboardViewController.m */,
			);
			path = Dashboard;
			sourceTree = "<group>";
		};
		613303171D7047510056CB09 /* Encaissements */ = {
			isa = PBXGroup;
			children = (
				613303181D7047510056CB09 /* EncaissementsViewController.h */,
				613303191D7047510056CB09 /* EncaissementsViewController.m */,
			);
			path = Encaissements;
			sourceTree = "<group>";
		};
		6133031C1D70475E0056CB09 /* Proggramation */ = {
			isa = PBXGroup;
			children = (
				6133031D1D7047730056CB09 /* ProggramationViewController.h */,
				6133031E1D7047730056CB09 /* ProggramationViewController.m */,
			);
			name = Proggramation;
			sourceTree = "<group>";
		};
		613303201D7047C90056CB09 /* SAV */ = {
			isa = PBXGroup;
			children = (
				613303271D7048CB0056CB09 /* Controllers */,
				613303241D70482C0056CB09 /* Views */,
			);
			name = SAV;
			sourceTree = "<group>";
		};
		613303241D70482C0056CB09 /* Views */ = {
			isa = PBXGroup;
			children = (
				613303251D7048410056CB09 /* SAVStoryboard.storyboard */,
			);
			name = Views;
			sourceTree = "<group>";
		};
		613303271D7048CB0056CB09 /* Controllers */ = {
			isa = PBXGroup;
			children = (
				6133032C1D704B540056CB09 /* Contacts */,
				6133032B1D704B4A0056CB09 /* Home */,
			);
			name = Controllers;
			sourceTree = "<group>";
		};
		6133032B1D704B4A0056CB09 /* Home */ = {
			isa = PBXGroup;
			children = (
				613303281D7048FA0056CB09 /* HomeViewController.h */,
				613303291D7048FA0056CB09 /* HomeViewController.m */,
			);
			name = Home;
			sourceTree = "<group>";
		};
		6133032C1D704B540056CB09 /* Contacts */ = {
			isa = PBXGroup;
			children = (
				6133032D1D704B950056CB09 /* ContactsViewController.h */,
				6133032E1D704B950056CB09 /* ContactsViewController.m */,
			);
			name = Contacts;
			sourceTree = "<group>";
		};
		613303301D704BBD0056CB09 /* Commercial */ = {
			isa = PBXGroup;
			children = (
				613303321D704BC80056CB09 /* Controllers */,
				613303311D704BC40056CB09 /* Views */,
			);
			name = Commercial;
			sourceTree = "<group>";
		};
		613303311D704BC40056CB09 /* Views */ = {
			isa = PBXGroup;
			children = (
				613303331D704BE50056CB09 /* CommercialStoryboard.storyboard */,
			);
			name = Views;
			sourceTree = "<group>";
		};
		613303321D704BC80056CB09 /* Controllers */ = {
			isa = PBXGroup;
			children = (
				613303351D70590C0056CB09 /* LoginViewController.h */,
				613303361D70590C0056CB09 /* LoginViewController.m */,
			);
			name = Controllers;
			sourceTree = "<group>";
		};
		7055F448626C800106607F31 /* Pods */ = {
			isa = PBXGroup;
			children = (
				0F016E0E50FE3260450AFA73 /* Pods-EVLT.debug.xcconfig */,
				B93934DE5237D757C237D074 /* Pods-EVLT.release.xcconfig */,
			);
			name = Pods;
			sourceTree = "<group>";
		};
		93DE31EC1D70BBF1002CEFF7 /* Model */ = {
			isa = PBXGroup;
			children = (
				93DE31ED1D70BBF1002CEFF7 /* Client2.h */,
				93DE31EE1D70BBF1002CEFF7 /* Client2.m */,
				93DE31EF1D70BBF1002CEFF7 /* Photo2.h */,
				93DE31F01D70BBF1002CEFF7 /* Photo2.m */,
				93DE31F11D70BBF1002CEFF7 /* ProjectforDate2.h */,
				93DE31F21D70BBF1002CEFF7 /* ProjectforDate2.m */,
				93DE31F31D70BBF1002CEFF7 /* Projet2.h */,
				93DE31F41D70BBF1002CEFF7 /* Projet2.m */,
				93DE31F51D70BBF1002CEFF7 /* Reseau2.h */,
				93DE31F61D70BBF1002CEFF7 /* Reseau2.m */,
				93DE31F71D70BBF1002CEFF7 /* Technician2.h */,
				93DE31F81D70BBF1002CEFF7 /* Technician2.m */,
				93DE31F91D70BBF1002CEFF7 /* TECProjectAnnotation2.h */,
				93DE31FA1D70BBF1002CEFF7 /* TECProjectAnnotation2.m */,
			);
			path = Model;
			sourceTree = "<group>";
		};
		93DE32031D70BC85002CEFF7 /* Logic */ = {
			isa = PBXGroup;
			children = (
				93DE32041D70BC85002CEFF7 /* Network */,
				93DE32231D70BC85002CEFF7 /* TechnicianStore2.h */,
				93DE32241D70BC85002CEFF7 /* TechnicianStore2.m */,
				93DE32251D70BC85002CEFF7 /* TECProjectManager2.h */,
				93DE32261D70BC85002CEFF7 /* TECProjectManager2.m */,
				93DE32271D70BC85002CEFF7 /* TimeConverter2.h */,
				93DE32281D70BC85002CEFF7 /* TimeConverter2.m */,
			);
			path = Logic;
			sourceTree = "<group>";
		};
		93DE32041D70BC85002CEFF7 /* Network */ = {
			isa = PBXGroup;
			children = (
				93DE32051D70BC85002CEFF7 /* AbstractRequest2.h */,
				93DE32061D70BC85002CEFF7 /* AbstractRequest2.m */,
				93DE32071D70BC85002CEFF7 /* AllCoordsListRequest2.h */,
				93DE32081D70BC85002CEFF7 /* AllCoordsListRequest2.m */,
				93DE32091D70BC85002CEFF7 /* ClientProjectsRequest2.h */,
				93DE320A1D70BC85002CEFF7 /* ClientProjectsRequest2.m */,
				93DE320B1D70BC85002CEFF7 /* ClientsListRequest2.h */,
				93DE320C1D70BC85002CEFF7 /* ClientsListRequest2.m */,
				93DE320D1D70BC85002CEFF7 /* CommentaireRequest2.h */,
				93DE320E1D70BC85002CEFF7 /* CommentaireRequest2.m */,
				93DE320F1D70BC85002CEFF7 /* Communicator2.h */,
				93DE32101D70BC85002CEFF7 /* Communicator2.m */,
				93DE32111D70BC85002CEFF7 /* CoordonneesClientRequest2.h */,
				93DE32121D70BC85002CEFF7 /* CoordonneesClientRequest2.m */,
				93DE32131D70BC85002CEFF7 /* CoordonneesProjectRequest2.h */,
				93DE32141D70BC85002CEFF7 /* CoordonneesProjectRequest2.m */,
				93DE32151D70BC85002CEFF7 /* DateRequest2.h */,
				93DE32161D70BC85002CEFF7 /* DateRequest2.m */,
				93DE32171D70BC85002CEFF7 /* DeleteRequest2.h */,
				93DE32181D70BC85002CEFF7 /* DeleteRequest2.m */,
				93DE32191D70BC85002CEFF7 /* DropBoxManager2.h */,
				93DE321A1D70BC85002CEFF7 /* DropBoxManager2.m */,
				93DE321B1D70BC85002CEFF7 /* NewClientRequest2.h */,
				93DE321C1D70BC85002CEFF7 /* NewClientRequest2.m */,
				93DE321D1D70BC85002CEFF7 /* PhotosRequest2.h */,
				93DE321E1D70BC85002CEFF7 /* PhotosRequest2.m */,
				93DE321F1D70BC85002CEFF7 /* ProjectDetailRequest2.h */,
				93DE32201D70BC85002CEFF7 /* ProjectDetailRequest2.m */,
				93DE32211D70BC85002CEFF7 /* ReseauxRequest2.h */,
				93DE32221D70BC85002CEFF7 /* ReseauxRequest2.m */,
			);
			path = Network;
			sourceTree = "<group>";
		};
		93DE323B1D70C060002CEFF7 /* ViewControllers */ = {
			isa = PBXGroup;
			children = (
				93DE323C1D70C060002CEFF7 /* commentaireViewController2.h */,
				93DE323D1D70C060002CEFF7 /* commentaireViewController2.m */,
				93DE323E1D70C060002CEFF7 /* coordonneesChantierViewController2.h */,
				93DE323F1D70C060002CEFF7 /* coordonneesChantierViewController2.m */,
				93DE32401D70C060002CEFF7 /* dateInstallationViewController2.h */,
				93DE32411D70C060002CEFF7 /* dateInstallationViewController2.m */,
				93DE32421D70C060002CEFF7 /* detailProjetBisViewController2.h */,
				93DE32431D70C060002CEFF7 /* detailProjetBisViewController2.m */,
				93DE32441D70C060002CEFF7 /* detailProjetViewController2.h */,
				93DE32451D70C060002CEFF7 /* detailProjetViewController2.m */,
				93DE32461D70C060002CEFF7 /* photosDetailViewController2.h */,
				93DE32471D70C060002CEFF7 /* photosDetailViewController2.m */,
				93DE32481D70C060002CEFF7 /* photosProjetViewController2.h */,
				93DE32491D70C060002CEFF7 /* photosProjetViewController2.m */,
				93DE324A1D70C060002CEFF7 /* projetsJourTableViewController2.h */,
				93DE324B1D70C060002CEFF7 /* projetsJourTableViewController2.m */,
				93DE324C1D70C060002CEFF7 /* projetViewController2.h */,
				93DE324D1D70C060002CEFF7 /* projetViewController2.m */,
				93DE324E1D70C060002CEFF7 /* ReseauChauffageEditionViewController2.h */,
				93DE324F1D70C061002CEFF7 /* ReseauChauffageEditionViewController2.m */,
				93DE32501D70C061002CEFF7 /* ReseauxChauffageTableViewController2.h */,
				93DE32511D70C061002CEFF7 /* ReseauxChauffageTableViewController2.m */,
				93DE32521D70C061002CEFF7 /* ReseauxECSTableViewController2.h */,
				93DE32531D70C061002CEFF7 /* ReseauxECSTableViewController2.m */,
				93DE32541D70C061002CEFF7 /* StatutProjetTableViewController2.h */,
				93DE32551D70C061002CEFF7 /* StatutProjetTableViewController2.m */,
				93DE32561D70C061002CEFF7 /* tachesProjetViewController2.h */,
				93DE32571D70C061002CEFF7 /* tachesProjetViewController2.m */,
				93DE325A1D70C061002CEFF7 /* technicienProjetViewController2.h */,
				93DE325B1D70C061002CEFF7 /* technicienProjetViewController2.m */,
				93DE325C1D70C061002CEFF7 /* TECTechniciansViewController2.h */,
				93DE325D1D70C061002CEFF7 /* TECTechniciansViewController2.m */,
				93DE32601D70C061002CEFF7 /* zonesProjetViewController2.h */,
				93DE32611D70C061002CEFF7 /* zonesProjetViewController2.m */,
			);
			path = ViewControllers;
			sourceTree = "<group>";
		};
		93DE32751D70C0BC002CEFF7 /* Cells */ = {
			isa = PBXGroup;
			children = (
				93DE32761D70C0BC002CEFF7 /* AddressCell2.h */,
				93DE32771D70C0BC002CEFF7 /* AddressCell2.m */,
				93DE32781D70C0BC002CEFF7 /* alerte.jpg */,
				93DE32791D70C0BC002CEFF7 /* BadgeLabel2.h */,
				93DE327A1D70C0BC002CEFF7 /* BadgeLabel2.m */,
				93DE327B1D70C0BC002CEFF7 /* cle.jpg */,
				93DE327C1D70C0BD002CEFF7 /* commentaire.jpeg */,
				93DE327D1D70C0BD002CEFF7 /* EditableTableViewCell2.h */,
				93DE327E1D70C0BD002CEFF7 /* EditableTableViewCell2.m */,
				93DE327F1D70C0BD002CEFF7 /* logo_technicien.png */,
				93DE32801D70C0BD002CEFF7 /* photos.jpg */,
				93DE32811D70C0BD002CEFF7 /* ProjetJourCell2.h */,
				93DE32821D70C0BD002CEFF7 /* ProjetJourCell2.m */,
				93DE32831D70C0BD002CEFF7 /* radiateur.jpg */,
				93DE32841D70C0BD002CEFF7 /* ReseauCell2.h */,
				93DE32851D70C0BD002CEFF7 /* ReseauCell2.m */,
				93DE32861D70C0BD002CEFF7 /* robinet.jpg */,
				93DE32871D70C0BD002CEFF7 /* valider.png */,
				93DE32881D70C0BD002CEFF7 /* vide.png */,
			);
			path = Cells;
			sourceTree = "<group>";
		};
/* End PBXGroup section */

/* Begin PBXNativeTarget section */
		610D37A91D6F4E5C0096C4C7 /* EVLT */ = {
			isa = PBXNativeTarget;
			buildConfigurationList = 610D37CF1D6F4E5C0096C4C7 /* Build configuration list for PBXNativeTarget "EVLT" */;
			buildPhases = (
				798E58FD6E8FE92683DE7C42 /* [CP] Check Pods Manifest.lock */,
				610D37A61D6F4E5C0096C4C7 /* Sources */,
				610D37A71D6F4E5C0096C4C7 /* Frameworks */,
				610D37A81D6F4E5C0096C4C7 /* Resources */,
				FC972488E6629B0943BDB99E /* [CP] Embed Pods Frameworks */,
				84A5D8ADD47F42E2C70A2DC7 /* [CP] Copy Pods Resources */,
			);
			buildRules = (
			);
			dependencies = (
			);
			name = EVLT;
			productName = EVLT;
			productReference = 610D37AA1D6F4E5C0096C4C7 /* EVLT.app */;
			productType = "com.apple.product-type.application";
		};
		610D37C51D6F4E5C0096C4C7 /* EVLTTests */ = {
			isa = PBXNativeTarget;
			buildConfigurationList = 610D37D21D6F4E5C0096C4C7 /* Build configuration list for PBXNativeTarget "EVLTTests" */;
			buildPhases = (
				610D37C21D6F4E5C0096C4C7 /* Sources */,
				610D37C31D6F4E5C0096C4C7 /* Frameworks */,
				610D37C41D6F4E5C0096C4C7 /* Resources */,
			);
			buildRules = (
			);
			dependencies = (
				610D37C81D6F4E5C0096C4C7 /* PBXTargetDependency */,
			);
			name = EVLTTests;
			productName = EVLTTests;
			productReference = 610D37C61D6F4E5C0096C4C7 /* EVLTTests.xctest */;
			productType = "com.apple.product-type.bundle.unit-test";
		};
/* End PBXNativeTarget section */

/* Begin PBXProject section */
		610D37A21D6F4E5C0096C4C7 /* Project object */ = {
			isa = PBXProject;
			attributes = {
				LastUpgradeCheck = 0730;
				ORGANIZATIONNAME = EVLT;
				TargetAttributes = {
					610D37A91D6F4E5C0096C4C7 = {
						CreatedOnToolsVersion = 7.3.1;
						DevelopmentTeam = 9VV84RNXAK;
					};
					610D37C51D6F4E5C0096C4C7 = {
						CreatedOnToolsVersion = 7.3.1;
						TestTargetID = 610D37A91D6F4E5C0096C4C7;
					};
				};
			};
			buildConfigurationList = 610D37A51D6F4E5C0096C4C7 /* Build configuration list for PBXProject "EVLT" */;
			compatibilityVersion = "Xcode 3.2";
			developmentRegion = English;
			hasScannedForEncodings = 0;
			knownRegions = (
				en,
				Base,
			);
			mainGroup = 610D37A11D6F4E5C0096C4C7;
			productRefGroup = 610D37AB1D6F4E5C0096C4C7 /* Products */;
			projectDirPath = "";
			projectRoot = "";
			targets = (
				610D37A91D6F4E5C0096C4C7 /* EVLT */,
				610D37C51D6F4E5C0096C4C7 /* EVLTTests */,
			);
		};
/* End PBXProject section */

/* Begin PBXResourcesBuildPhase section */
		610D37A81D6F4E5C0096C4C7 /* Resources */ = {
			isa = PBXResourcesBuildPhase;
			buildActionMask = 2147483647;
			files = (
				613303341D704BE50056CB09 /* CommercialStoryboard.storyboard in Resources */,
				93DE32951D70C0BD002CEFF7 /* valider.png in Resources */,
				610D37C01D6F4E5C0096C4C7 /* LaunchScreen.storyboard in Resources */,
				93DE32961D70C0BD002CEFF7 /* vide.png in Resources */,
				93DE32901D70C0BD002CEFF7 /* photos.jpg in Resources */,
				613303041D7035AD0056CB09 /* TechnicienStoryboard.storyboard in Resources */,
				610D37BD1D6F4E5C0096C4C7 /* Assets.xcassets in Resources */,
				610D37B81D6F4E5C0096C4C7 /* Main.storyboard in Resources */,
				93DE328F1D70C0BD002CEFF7 /* logo_technicien.png in Resources */,
				613303261D7048410056CB09 /* SAVStoryboard.storyboard in Resources */,
				93DE328D1D70C0BD002CEFF7 /* commentaire.jpeg in Resources */,
				93DE32921D70C0BD002CEFF7 /* radiateur.jpg in Resources */,
				93DE328C1D70C0BD002CEFF7 /* cle.jpg in Resources */,
				93DE328A1D70C0BD002CEFF7 /* alerte.jpg in Resources */,
				613303081D703DCE0056CB09 /* AdministratifStoryboard.storyboard in Resources */,
				93DE32941D70C0BD002CEFF7 /* robinet.jpg in Resources */,
			);
			runOnlyForDeploymentPostprocessing = 0;
		};
		610D37C41D6F4E5C0096C4C7 /* Resources */ = {
			isa = PBXResourcesBuildPhase;
			buildActionMask = 2147483647;
			files = (
			);
			runOnlyForDeploymentPostprocessing = 0;
		};
/* End PBXResourcesBuildPhase section */

/* Begin PBXShellScriptBuildPhase section */
		798E58FD6E8FE92683DE7C42 /* [CP] Check Pods Manifest.lock */ = {
			isa = PBXShellScriptBuildPhase;
			buildActionMask = 2147483647;
			files = (
			);
			inputPaths = (
			);
			name = "[CP] Check Pods Manifest.lock";
			outputPaths = (
			);
			runOnlyForDeploymentPostprocessing = 0;
			shellPath = /bin/sh;
			shellScript = "diff \"${PODS_ROOT}/../Podfile.lock\" \"${PODS_ROOT}/Manifest.lock\" > /dev/null\nif [[ $? != 0 ]] ; then\n    cat << EOM\nerror: The sandbox is not in sync with the Podfile.lock. Run 'pod install' or update your CocoaPods installation.\nEOM\n    exit 1\nfi\n";
			showEnvVarsInLog = 0;
		};
		84A5D8ADD47F42E2C70A2DC7 /* [CP] Copy Pods Resources */ = {
			isa = PBXShellScriptBuildPhase;
			buildActionMask = 2147483647;
			files = (
			);
			inputPaths = (
			);
			name = "[CP] Copy Pods Resources";
			outputPaths = (
			);
			runOnlyForDeploymentPostprocessing = 0;
			shellPath = /bin/sh;
			shellScript = "\"${SRCROOT}/Pods/Target Support Files/Pods-EVLT/Pods-EVLT-resources.sh\"\n";
			showEnvVarsInLog = 0;
		};
		FC972488E6629B0943BDB99E /* [CP] Embed Pods Frameworks */ = {
			isa = PBXShellScriptBuildPhase;
			buildActionMask = 2147483647;
			files = (
			);
			inputPaths = (
			);
			name = "[CP] Embed Pods Frameworks";
			outputPaths = (
			);
			runOnlyForDeploymentPostprocessing = 0;
			shellPath = /bin/sh;
			shellScript = "\"${SRCROOT}/Pods/Target Support Files/Pods-EVLT/Pods-EVLT-frameworks.sh\"\n";
			showEnvVarsInLog = 0;
		};
/* End PBXShellScriptBuildPhase section */

/* Begin PBXSourcesBuildPhase section */
		610D37A61D6F4E5C0096C4C7 /* Sources */ = {
			isa = PBXSourcesBuildPhase;
			buildActionMask = 2147483647;
			files = (
				93DE32381D70BC85002CEFF7 /* TechnicianStore2.m in Sources */,
				93DE32621D70C061002CEFF7 /* commentaireViewController2.m in Sources */,
				93DE322B1D70BC85002CEFF7 /* ClientProjectsRequest2.m in Sources */,
				93DE31FC1D70BBF1002CEFF7 /* Photo2.m in Sources */,
				93DE322F1D70BC85002CEFF7 /* CoordonneesClientRequest2.m in Sources */,
				93DE32311D70BC85002CEFF7 /* DateRequest2.m in Sources */,
				6133032F1D704B950056CB09 /* ContactsViewController.m in Sources */,
				93DE32681D70C061002CEFF7 /* photosProjetViewController2.m in Sources */,
				93DE322A1D70BC85002CEFF7 /* AllCoordsListRequest2.m in Sources */,
				93DE32331D70BC85002CEFF7 /* DropBoxManager2.m in Sources */,
				93DE326B1D70C061002CEFF7 /* ReseauChauffageEditionViewController2.m in Sources */,
				93DE328B1D70C0BD002CEFF7 /* BadgeLabel2.m in Sources */,
				93DE326F1D70C061002CEFF7 /* tachesProjetViewController2.m in Sources */,
				93DE32671D70C061002CEFF7 /* photosDetailViewController2.m in Sources */,
				93DE32691D70C061002CEFF7 /* projetsJourTableViewController2.m in Sources */,
				610D37BB1D6F4E5C0096C4C7 /* EVLT.xcdatamodeld in Sources */,
				93DE32341D70BC85002CEFF7 /* NewClientRequest2.m in Sources */,
				93DE32301D70BC85002CEFF7 /* CoordonneesProjectRequest2.m in Sources */,
				93DE31FD1D70BBF1002CEFF7 /* ProjectforDate2.m in Sources */,
				93DE32391D70BC85002CEFF7 /* TECProjectManager2.m in Sources */,
				6133031B1D7047510056CB09 /* EncaissementsViewController.m in Sources */,
				93DE32011D70BBF1002CEFF7 /* TECProjectAnnotation2.m in Sources */,
				93DE32721D70C061002CEFF7 /* TECTechniciansViewController2.m in Sources */,
				93DE32631D70C061002CEFF7 /* coordonneesChantierViewController2.m in Sources */,
				93DE31FB1D70BBF1002CEFF7 /* Client2.m in Sources */,
				93DE322E1D70BC85002CEFF7 /* Communicator2.m in Sources */,
				6133031F1D7047730056CB09 /* ProggramationViewController.m in Sources */,
				93DE32351D70BC85002CEFF7 /* PhotosRequest2.m in Sources */,
				93DE326A1D70C061002CEFF7 /* projetViewController2.m in Sources */,
				93DE32931D70C0BD002CEFF7 /* ReseauCell2.m in Sources */,
				93DE31FF1D70BBF1002CEFF7 /* Reseau2.m in Sources */,
				93DE32891D70C0BD002CEFF7 /* AddressCell2.m in Sources */,
				93DE323A1D70BC85002CEFF7 /* TimeConverter2.m in Sources */,
				93DE31FE1D70BBF1002CEFF7 /* Projet2.m in Sources */,
				6133032A1D7048FA0056CB09 /* HomeViewController.m in Sources */,
				93DE326E1D70C061002CEFF7 /* StatutProjetTableViewController2.m in Sources */,
				93DE326C1D70C061002CEFF7 /* ReseauxChauffageTableViewController2.m in Sources */,
				93DE32321D70BC85002CEFF7 /* DeleteRequest2.m in Sources */,
				93DE326D1D70C061002CEFF7 /* ReseauxECSTableViewController2.m in Sources */,
				610D37B51D6F4E5C0096C4C7 /* ViewController.m in Sources */,
				610D37B21D6F4E5C0096C4C7 /* AppDelegate.m in Sources */,
				93DE32641D70C061002CEFF7 /* dateInstallationViewController2.m in Sources */,
				93DE32741D70C061002CEFF7 /* zonesProjetViewController2.m in Sources */,
				93DE32651D70C061002CEFF7 /* detailProjetBisViewController2.m in Sources */,
				93DE328E1D70C0BD002CEFF7 /* EditableTableViewCell2.m in Sources */,
				93DE32371D70BC85002CEFF7 /* ReseauxRequest2.m in Sources */,
				93DE32291D70BC85002CEFF7 /* AbstractRequest2.m in Sources */,
				93DE32911D70C0BD002CEFF7 /* ProjetJourCell2.m in Sources */,
				6133031A1D7047510056CB09 /* DashboardViewController.m in Sources */,
				613303371D70590C0056CB09 /* LoginViewController.m in Sources */,
				613303031D7035AD0056CB09 /* MapViewController.m in Sources */,
				93DE32361D70BC85002CEFF7 /* ProjectDetailRequest2.m in Sources */,
				93DE32001D70BBF1002CEFF7 /* Technician2.m in Sources */,
				93DE322D1D70BC85002CEFF7 /* CommentaireRequest2.m in Sources */,
				93DE322C1D70BC85002CEFF7 /* ClientsListRequest2.m in Sources */,
				613303021D7035AD0056CB09 /* CalendarViewController.m in Sources */,
				93DE32711D70C061002CEFF7 /* technicienProjetViewController2.m in Sources */,
				610D37AF1D6F4E5C0096C4C7 /* main.m in Sources */,
				93DE32661D70C061002CEFF7 /* detailProjetViewController2.m in Sources */,
			);
			runOnlyForDeploymentPostprocessing = 0;
		};
		610D37C21D6F4E5C0096C4C7 /* Sources */ = {
			isa = PBXSourcesBuildPhase;
			buildActionMask = 2147483647;
			files = (
				610D37CB1D6F4E5C0096C4C7 /* EVLTTests.m in Sources */,
			);
			runOnlyForDeploymentPostprocessing = 0;
		};
/* End PBXSourcesBuildPhase section */

/* Begin PBXTargetDependency section */
		610D37C81D6F4E5C0096C4C7 /* PBXTargetDependency */ = {
			isa = PBXTargetDependency;
			target = 610D37A91D6F4E5C0096C4C7 /* EVLT */;
			targetProxy = 610D37C71D6F4E5C0096C4C7 /* PBXContainerItemProxy */;
		};
/* End PBXTargetDependency section */

/* Begin PBXVariantGroup section */
		610D37B61D6F4E5C0096C4C7 /* Main.storyboard */ = {
			isa = PBXVariantGroup;
			children = (
				610D37B71D6F4E5C0096C4C7 /* Base */,
			);
			name = Main.storyboard;
			sourceTree = "<group>";
		};
		610D37BE1D6F4E5C0096C4C7 /* LaunchScreen.storyboard */ = {
			isa = PBXVariantGroup;
			children = (
				610D37BF1D6F4E5C0096C4C7 /* Base */,
			);
			name = LaunchScreen.storyboard;
			sourceTree = "<group>";
		};
/* End PBXVariantGroup section */

/* Begin XCBuildConfiguration section */
		610D37CD1D6F4E5C0096C4C7 /* Debug */ = {
			isa = XCBuildConfiguration;
			buildSettings = {
				ALWAYS_SEARCH_USER_PATHS = NO;
				CLANG_ANALYZER_NONNULL = YES;
				CLANG_CXX_LANGUAGE_STANDARD = "gnu++0x";
				CLANG_CXX_LIBRARY = "libc++";
				CLANG_ENABLE_MODULES = YES;
				CLANG_ENABLE_OBJC_ARC = YES;
				CLANG_WARN_BOOL_CONVERSION = YES;
				CLANG_WARN_CONSTANT_CONVERSION = YES;
				CLANG_WARN_DIRECT_OBJC_ISA_USAGE = YES_ERROR;
				CLANG_WARN_EMPTY_BODY = YES;
				CLANG_WARN_ENUM_CONVERSION = YES;
				CLANG_WARN_INT_CONVERSION = YES;
				CLANG_WARN_OBJC_ROOT_CLASS = YES_ERROR;
				CLANG_WARN_UNREACHABLE_CODE = YES;
				CLANG_WARN__DUPLICATE_METHOD_MATCH = YES;
				"CODE_SIGN_IDENTITY[sdk=iphoneos*]" = "iPhone Developer";
				COPY_PHASE_STRIP = NO;
				DEBUG_INFORMATION_FORMAT = dwarf;
				ENABLE_BITCODE = NO;
				ENABLE_STRICT_OBJC_MSGSEND = YES;
				ENABLE_TESTABILITY = YES;
				GCC_C_LANGUAGE_STANDARD = gnu99;
				GCC_DYNAMIC_NO_PIC = NO;
				GCC_NO_COMMON_BLOCKS = YES;
				GCC_OPTIMIZATION_LEVEL = 0;
				GCC_PREPROCESSOR_DEFINITIONS = (
					"DEBUG=1",
					"$(inherited)",
				);
				GCC_WARN_64_TO_32_BIT_CONVERSION = YES;
				GCC_WARN_ABOUT_RETURN_TYPE = YES_ERROR;
				GCC_WARN_UNDECLARED_SELECTOR = YES;
				GCC_WARN_UNINITIALIZED_AUTOS = YES_AGGRESSIVE;
				GCC_WARN_UNUSED_FUNCTION = YES;
				GCC_WARN_UNUSED_VARIABLE = YES;
				IPHONEOS_DEPLOYMENT_TARGET = 9.3;
				MTL_ENABLE_DEBUG_INFO = YES;
				ONLY_ACTIVE_ARCH = YES;
				SDKROOT = iphoneos;
				TARGETED_DEVICE_FAMILY = "1,2";
			};
			name = Debug;
		};
		610D37CE1D6F4E5C0096C4C7 /* Release */ = {
			isa = XCBuildConfiguration;
			buildSettings = {
				ALWAYS_SEARCH_USER_PATHS = NO;
				CLANG_ANALYZER_NONNULL = YES;
				CLANG_CXX_LANGUAGE_STANDARD = "gnu++0x";
				CLANG_CXX_LIBRARY = "libc++";
				CLANG_ENABLE_MODULES = YES;
				CLANG_ENABLE_OBJC_ARC = YES;
				CLANG_WARN_BOOL_CONVERSION = YES;
				CLANG_WARN_CONSTANT_CONVERSION = YES;
				CLANG_WARN_DIRECT_OBJC_ISA_USAGE = YES_ERROR;
				CLANG_WARN_EMPTY_BODY = YES;
				CLANG_WARN_ENUM_CONVERSION = YES;
				CLANG_WARN_INT_CONVERSION = YES;
				CLANG_WARN_OBJC_ROOT_CLASS = YES_ERROR;
				CLANG_WARN_UNREACHABLE_CODE = YES;
				CLANG_WARN__DUPLICATE_METHOD_MATCH = YES;
				"CODE_SIGN_IDENTITY[sdk=iphoneos*]" = "iPhone Developer";
				COPY_PHASE_STRIP = NO;
				DEBUG_INFORMATION_FORMAT = "dwarf-with-dsym";
				ENABLE_BITCODE = NO;
				ENABLE_NS_ASSERTIONS = NO;
				ENABLE_STRICT_OBJC_MSGSEND = YES;
				GCC_C_LANGUAGE_STANDARD = gnu99;
				GCC_NO_COMMON_BLOCKS = YES;
				GCC_WARN_64_TO_32_BIT_CONVERSION = YES;
				GCC_WARN_ABOUT_RETURN_TYPE = YES_ERROR;
				GCC_WARN_UNDECLARED_SELECTOR = YES;
				GCC_WARN_UNINITIALIZED_AUTOS = YES_AGGRESSIVE;
				GCC_WARN_UNUSED_FUNCTION = YES;
				GCC_WARN_UNUSED_VARIABLE = YES;
				IPHONEOS_DEPLOYMENT_TARGET = 9.3;
				MTL_ENABLE_DEBUG_INFO = NO;
				SDKROOT = iphoneos;
				TARGETED_DEVICE_FAMILY = "1,2";
				VALIDATE_PRODUCT = YES;
			};
			name = Release;
		};
		610D37D01D6F4E5C0096C4C7 /* Debug */ = {
			isa = XCBuildConfiguration;
			baseConfigurationReference = 0F016E0E50FE3260450AFA73 /* Pods-EVLT.debug.xcconfig */;
			buildSettings = {
				ASSETCATALOG_COMPILER_APPICON_NAME = AppIcon;
				CODE_SIGN_IDENTITY = "iPhone Developer";
				INFOPLIST_FILE = EVLT/Info.plist;
				LD_RUNPATH_SEARCH_PATHS = "$(inherited) @executable_path/Frameworks";
				PRODUCT_BUNDLE_IDENTIFIER = com.app.EVLT;
				PRODUCT_NAME = "$(TARGET_NAME)";
			};
			name = Debug;
		};
		610D37D11D6F4E5C0096C4C7 /* Release */ = {
			isa = XCBuildConfiguration;
			baseConfigurationReference = B93934DE5237D757C237D074 /* Pods-EVLT.release.xcconfig */;
			buildSettings = {
				ASSETCATALOG_COMPILER_APPICON_NAME = AppIcon;
				CODE_SIGN_IDENTITY = "iPhone Developer";
				INFOPLIST_FILE = EVLT/Info.plist;
				LD_RUNPATH_SEARCH_PATHS = "$(inherited) @executable_path/Frameworks";
				PRODUCT_BUNDLE_IDENTIFIER = com.app.EVLT;
				PRODUCT_NAME = "$(TARGET_NAME)";
			};
			name = Release;
		};
		610D37D31D6F4E5C0096C4C7 /* Debug */ = {
			isa = XCBuildConfiguration;
			buildSettings = {
				BUNDLE_LOADER = "$(TEST_HOST)";
				ENABLE_BITCODE = YES;
				INFOPLIST_FILE = EVLTTests/Info.plist;
				LD_RUNPATH_SEARCH_PATHS = "$(inherited) @executable_path/Frameworks @loader_path/Frameworks";
				PRODUCT_BUNDLE_IDENTIFIER = com.app.EVLTTests;
				PRODUCT_NAME = "$(TARGET_NAME)";
				TEST_HOST = "$(BUILT_PRODUCTS_DIR)/EVLT.app/EVLT";
			};
			name = Debug;
		};
		610D37D41D6F4E5C0096C4C7 /* Release */ = {
			isa = XCBuildConfiguration;
			buildSettings = {
				BUNDLE_LOADER = "$(TEST_HOST)";
				ENABLE_BITCODE = YES;
				INFOPLIST_FILE = EVLTTests/Info.plist;
				LD_RUNPATH_SEARCH_PATHS = "$(inherited) @executable_path/Frameworks @loader_path/Frameworks";
				PRODUCT_BUNDLE_IDENTIFIER = com.app.EVLTTests;
				PRODUCT_NAME = "$(TARGET_NAME)";
				TEST_HOST = "$(BUILT_PRODUCTS_DIR)/EVLT.app/EVLT";
			};
			name = Release;
		};
/* End XCBuildConfiguration section */

/* Begin XCConfigurationList section */
		610D37A51D6F4E5C0096C4C7 /* Build configuration list for PBXProject "EVLT" */ = {
			isa = XCConfigurationList;
			buildConfigurations = (
				610D37CD1D6F4E5C0096C4C7 /* Debug */,
				610D37CE1D6F4E5C0096C4C7 /* Release */,
			);
			defaultConfigurationIsVisible = 0;
			defaultConfigurationName = Release;
		};
		610D37CF1D6F4E5C0096C4C7 /* Build configuration list for PBXNativeTarget "EVLT" */ = {
			isa = XCConfigurationList;
			buildConfigurations = (
				610D37D01D6F4E5C0096C4C7 /* Debug */,
				610D37D11D6F4E5C0096C4C7 /* Release */,
			);
			defaultConfigurationIsVisible = 0;
			defaultConfigurationName = Release;
		};
		610D37D21D6F4E5C0096C4C7 /* Build configuration list for PBXNativeTarget "EVLTTests" */ = {
			isa = XCConfigurationList;
			buildConfigurations = (
				610D37D31D6F4E5C0096C4C7 /* Debug */,
				610D37D41D6F4E5C0096C4C7 /* Release */,
			);
			defaultConfigurationIsVisible = 0;
			defaultConfigurationName = Release;
		};
/* End XCConfigurationList section */

/* Begin XCVersionGroup section */
		610D37B91D6F4E5C0096C4C7 /* EVLT.xcdatamodeld */ = {
			isa = XCVersionGroup;
			children = (
				610D37BA1D6F4E5C0096C4C7 /* EVLT.xcdatamodel */,
			);
			currentVersion = 610D37BA1D6F4E5C0096C4C7 /* EVLT.xcdatamodel */;
			path = EVLT.xcdatamodeld;
			sourceTree = "<group>";
			versionGroupType = wrapper.xcdatamodel;
		};
/* End XCVersionGroup section */
	};
	rootObject = 610D37A21D6F4E5C0096C4C7 /* Project object */;
}
